# This file is automatically @generated by Cargo.
# It is not intended for manual editing.
[[package]]
name = "ref_slice"
version = "1.1.1"
source = "registry+https://github.com/rust-lang/crates.io-index"

[[package]]
name = "test1_package_with_no_deps"
version = "0.1.0"

[[package]]
name = "test2_package_with_shallow_deps"
version = "0.1.0"
dependencies = [
 "ref_slice 1.1.1 (registry+https://github.com/rust-lang/crates.io-index)",
 "test1_package_with_no_deps 0.1.0",
]

[metadata]
"checksum ref_slice 1.1.1 (registry+https://github.com/rust-lang/crates.io-index)" = "825740057197b7d43025e7faf6477eaabc03434e153233da02d1f44602f71527"
