# This file is automatically @generated by Cargo.
# It is not intended for manual editing.
[[package]]
name = "member1"
version = "0.1.0"

[[package]]
name = "test1_package_with_no_deps"
version = "0.1.0"

[[package]]
name = "test4_workspace_with_top_level_package"
version = "0.1.0"
dependencies = [
 "test1_package_with_no_deps",
]
