# This file is automatically @generated by Cargo.
# It is not intended for manual editing.
[[package]]
name = "num_cpus"
version = "1.10.1"
dependencies = [
 "test1_package_with_no_deps 0.1.0",
]

[[package]]
name = "test1_package_with_no_deps"
version = "0.1.0"

[[package]]
name = "test7_package_with_patched_dep"
version = "0.1.0"
dependencies = [
 "num_cpus 1.10.1",
]

