# This file is automatically @generated by Cargo.
# It is not intended for manual editing.
[[package]]
name = "doc-comment"
version = "0.3.1"
source = "registry+https://github.com/rust-lang/crates.io-index"

[[package]]
name = "either"
version = "1.5.2"
source = "registry+https://github.com/rust-lang/crates.io-index"

[[package]]
name = "itertools"
version = "0.8.0"
source = "git+https://github.com/rust-itertools/itertools.git?rev=8761fbefb3b209#8761fbefb3b209cf41829f8dba38044b69c1d8dd"
dependencies = [
 "either 1.5.2 (registry+https://github.com/rust-lang/crates.io-index)",
]

[[package]]
name = "ref_slice"
version = "1.1.1"
source = "registry+https://github.com/rust-lang/crates.io-index"

[[package]]
name = "test1_package_with_no_deps"
version = "0.1.0"

[[package]]
name = "test2_package_with_shallow_deps"
version = "0.1.0"
dependencies = [
 "ref_slice 1.1.1 (registry+https://github.com/rust-lang/crates.io-index)",
 "test1_package_with_no_deps 0.1.0",
]

[[package]]
name = "test3_package_with_nested_deps"
version = "0.1.0"
dependencies = [
 "doc-comment 0.3.1 (registry+https://github.com/rust-lang/crates.io-index)",
 "itertools 0.8.0 (git+https://github.com/rust-itertools/itertools.git?rev=8761fbefb3b209)",
 "test2_package_with_shallow_deps 0.1.0",
]

[metadata]
"checksum doc-comment 0.3.1 (registry+https://github.com/rust-lang/crates.io-index)" = "923dea538cea0aa3025e8685b20d6ee21ef99c4f77e954a30febbaac5ec73a97"
"checksum either 1.5.2 (registry+https://github.com/rust-lang/crates.io-index)" = "5527cfe0d098f36e3f8839852688e63c8fff1c90b2b405aef730615f9a7bcf7b"
"checksum itertools 0.8.0 (git+https://github.com/rust-itertools/itertools.git?rev=8761fbefb3b209)" = "<none>"
"checksum ref_slice 1.1.1 (registry+https://github.com/rust-lang/crates.io-index)" = "825740057197b7d43025e7faf6477eaabc03434e153233da02d1f44602f71527"
